dependencies:
  bblanchon/arduinojson:
    component_hash: 463812931f99cb7a554d64311288f537b43daaca3eed2427557b907af393447c
    dependencies: []
    source:
      registry_url: https://components.espressif.com
      type: service
    version: 6.21.5
  espressif/led_strip:
    component_hash: 28c6509a727ef74925b372ed404772aeedf11cce10b78c3f69b3c66799095e2d
    dependencies:
    - name: idf
      require: private
      version: '>=4.4'
    source:
      registry_url: https://components.espressif.com/
      type: service
    version: 2.5.5
  idf:
    source:
      type: idf
    version: 5.4.1
  thingsboard/thingsboard:
    component_hash: 5ea11f90189806ed14e15c933511929278b0fc9838fd7a9a119ad3c33ade061d
    dependencies:
    - name: bblanchon/arduinojson
      registry_url: https://components.espressif.com
      require: private
      version: ^6.21.5
    - name: idf
      require: private
      version: '*'
    source:
      registry_url: https://components.espressif.com/
      type: service
    version: 0.15.0
direct_dependencies:
- espressif/led_strip
- thingsboard/thingsboard
manifest_hash: da81885fba8dd51db7166e1e4cd56e7749162eb59517a3e2726f6889362d5171
target: esp32
version: 2.0.0
